
Microsoft Visual Studio Solution File, Format Version 12.00
# Visual Studio 15
VisualStudioVersion = 15.0.28307.421
MinimumVisualStudioVersion = 10.0.40219.1
Project("{FAE04EC0-301F-11D3-BF4B-00C04F79EFBC}") = "RestTodo", "RestTodo\RestTodo.csproj", "{E522B2CE-0735-4BB3-AE6C-DA3B8BAAD76D}"
EndProject
Global
	GlobalSection(SolutionConfigurationPlatforms) = preSolution
		Debug|Any CPU = Debug|Any CPU
		Release|Any CPU = Release|Any CPU
	EndGlobalSection
	GlobalSection(ProjectConfigurationPlatforms) = postSolution
		{E522B2CE-0735-4BB3-AE6C-DA3B8BAAD76D}.Debug|Any CPU.ActiveCfg = Debug|Any CPU
		{E522B2CE-0735-4BB3-AE6C-DA3B8BAAD76D}.Debug|Any CPU.Build.0 = Debug|Any CPU
		{E522B2CE-0735-4BB3-AE6C-DA3B8BAAD76D}.Release|Any CPU.ActiveCfg = Release|Any CPU
		{E522B2CE-0735-4BB3-AE6C-DA3B8BAAD76D}.Release|Any CPU.Build.0 = Release|Any CPU
	EndGlobalSection
	GlobalSection(SolutionProperties) = preSolution
		HideSolutionNode = FALSE
	EndGlobalSection
	GlobalSection(ExtensibilityGlobals) = postSolution
		SolutionGuid = {C5CF0ED3-6550-4CAB-AA73-4228CC55D5B8}
	EndGlobalSection
EndGlobal
